
Microsoft Visual Studio Solution File, Format Version 12.00
# Visual Studio Version 17
VisualStudioVersion = 17.3.32929.385
MinimumVisualStudioVersion = 10.0.40219.1
Project("{2150E333-8FDC-42A3-9474-1A3956D46DE8}") = "Libs", "Libs", "{3E880F2B-1904-4B04-8552-E638B7A82AED}"
EndProject
Project("{2150E333-8FDC-42A3-9474-1A3956D46DE8}") = "Apps", "Apps", "{D112E09F-8205-49B0-AF05-E21D6859A2B4}"
EndProject
Project("{2150E333-8FDC-42A3-9474-1A3956D46DE8}") = "LogoSyn", "LogoSyn", "{183D87D1-0A67-4822-AE71-EA3C2DF17102}"
EndProject
Project("{2150E333-8FDC-42A3-9474-1A3956D46DE8}") = "Dom", "Dom", "{F70F546E-1A50-4003-9B20-F27BE4F197F7}"
EndProject
Project("{9A19103F-16F7-4668-BE54-9A1E7A4F7556}") = "Dom", "Libs\Dom\Dom.csproj", "{BE13F2C1-2D61-43FE-95D5-B85B18A245A2}"
EndProject
Project("{2150E333-8FDC-42A3-9474-1A3956D46DE8}") = "Interpreter", "Interpreter", "{9463D7E7-7878-4E65-8536-9275C6EA133A}"
EndProject
Project("{2150E333-8FDC-42A3-9474-1A3956D46DE8}") = "Common", "Common", "{86E62E2B-937B-4AEB-938B-C3E0932D81A8}"
EndProject
Project("{9A19103F-16F7-4668-BE54-9A1E7A4F7556}") = "Common", "Libs\Common\Common.csproj", "{76B6F367-CD81-498B-A705-9CE1DC82DE9B}"
EndProject
Project("{2150E333-8FDC-42A3-9474-1A3956D46DE8}") = "Parser", "Parser", "{EAAC0C57-3F25-4B30-A2A1-51571C7B1119}"
EndProject
Project("{9A19103F-16F7-4668-BE54-9A1E7A4F7556}") = "Parser", "Libs\Parser\Parser.csproj", "{30B53AC4-2127-4DF4-B0D6-2DE23D88F2DA}"
EndProject
Project("{2150E333-8FDC-42A3-9474-1A3956D46DE8}") = "Interpreter", "Interpreter", "{7396C43D-8F2A-4552-9D15-7B861A24CCF7}"
EndProject
Project("{2150E333-8FDC-42A3-9474-1A3956D46DE8}") = "Parser", "Parser", "{D89CD4D8-5CB3-45AB-ACDA-EDC11A6C7516}"
EndProject
Project("{9A19103F-16F7-4668-BE54-9A1E7A4F7556}") = "Cli", "Apps\LogoSyn\Cli\Cli.csproj", "{5EC376D3-A61B-4788-8580-4991FB455879}"
EndProject
Project("{9A19103F-16F7-4668-BE54-9A1E7A4F7556}") = "Common", "Apps\LogoSyn\Common\Common.csproj", "{93BA6E07-0D7D-49C9-973E-F555DF3886B7}"
EndProject
Project("{9A19103F-16F7-4668-BE54-9A1E7A4F7556}") = "CSharpInterpreter", "Apps\Interpreter\CSharpInterpreter\CSharpInterpreter.csproj", "{E8A24085-66EF-448E-96D5-F61E49D83B60}"
EndProject
Project("{9A19103F-16F7-4668-BE54-9A1E7A4F7556}") = "TestsDataGenerator", "Libs\Common\TestsDataGenerator\TestsDataGenerator.csproj", "{123BF1B0-301F-49F9-91E2-93EE4D0BA592}"
EndProject
Project("{9A19103F-16F7-4668-BE54-9A1E7A4F7556}") = "Tests", "Libs\Common\Tests\Tests.csproj", "{F6D7B7FB-C370-4F8B-B509-14B53190518D}"
EndProject
Project("{9A19103F-16F7-4668-BE54-9A1E7A4F7556}") = "Tests", "Libs\Dom\Tests\Tests.csproj", "{5723EAA1-66EE-40E5-8586-D4A44BE8C8BB}"
EndProject
Project("{9A19103F-16F7-4668-BE54-9A1E7A4F7556}") = "Mocks", "Libs\Dom\Mocks\Mocks.csproj", "{F3268F66-ECB5-4A57-B5F8-A032264F38A3}"
EndProject
Project("{9A19103F-16F7-4668-BE54-9A1E7A4F7556}") = "Tests", "Libs\Interpreter\Tests\Tests.csproj", "{D21FA50A-FDF6-4356-A384-8C78884B3297}"
EndProject
Project("{9A19103F-16F7-4668-BE54-9A1E7A4F7556}") = "Mocks", "Libs\Interpreter\Mocks\Mocks.csproj", "{993C6810-1973-4FAC-9E2E-B16DADDB7481}"
EndProject
Project("{9A19103F-16F7-4668-BE54-9A1E7A4F7556}") = "Tests", "Libs\Parser\Tests\Tests.csproj", "{3C42B07C-EEE6-4A9D-93DD-FD0AC716BC5E}"
EndProject
Project("{9A19103F-16F7-4668-BE54-9A1E7A4F7556}") = "Mocks", "Libs\Parser\Mocks\Mocks.csproj", "{EF0CB998-F27C-4B7A-B6CD-E4D1F2E4A5B2}"
EndProject
Project("{9A19103F-16F7-4668-BE54-9A1E7A4F7556}") = "Interpreter", "Libs\Interpreter\Interpreter.csproj", "{E1E21C13-FB86-472F-8731-41A6FA461800}"
EndProject
Project("{2150E333-8FDC-42A3-9474-1A3956D46DE8}") = "Common", "Common", "{FE8E35C5-4690-4ECE-B33F-8DA7DC0AA574}"
EndProject
Project("{9A19103F-16F7-4668-BE54-9A1E7A4F7556}") = "Common", "Apps\Common\Common.csproj", "{54C0E2A4-562B-4B96-861F-0AD7F04C772D}"
EndProject
Project("{9A19103F-16F7-4668-BE54-9A1E7A4F7556}") = "CSharpParser", "Apps\Parser\CSharpParser\CSharpParser.csproj", "{24515815-152D-425C-9FB1-ABC7E375F6EA}"
EndProject
Global
	GlobalSection(SolutionConfigurationPlatforms) = preSolution
		Debug|Any CPU = Debug|Any CPU
		Release|Any CPU = Release|Any CPU
	EndGlobalSection
	GlobalSection(ProjectConfigurationPlatforms) = postSolution
		{BE13F2C1-2D61-43FE-95D5-B85B18A245A2}.Debug|Any CPU.ActiveCfg = Debug|Any CPU
		{BE13F2C1-2D61-43FE-95D5-B85B18A245A2}.Debug|Any CPU.Build.0 = Debug|Any CPU
		{BE13F2C1-2D61-43FE-95D5-B85B18A245A2}.Release|Any CPU.ActiveCfg = Release|Any CPU
		{BE13F2C1-2D61-43FE-95D5-B85B18A245A2}.Release|Any CPU.Build.0 = Release|Any CPU
		{76B6F367-CD81-498B-A705-9CE1DC82DE9B}.Debug|Any CPU.ActiveCfg = Debug|Any CPU
		{76B6F367-CD81-498B-A705-9CE1DC82DE9B}.Debug|Any CPU.Build.0 = Debug|Any CPU
		{76B6F367-CD81-498B-A705-9CE1DC82DE9B}.Release|Any CPU.ActiveCfg = Release|Any CPU
		{76B6F367-CD81-498B-A705-9CE1DC82DE9B}.Release|Any CPU.Build.0 = Release|Any CPU
		{30B53AC4-2127-4DF4-B0D6-2DE23D88F2DA}.Debug|Any CPU.ActiveCfg = Debug|Any CPU
		{30B53AC4-2127-4DF4-B0D6-2DE23D88F2DA}.Debug|Any CPU.Build.0 = Debug|Any CPU
		{30B53AC4-2127-4DF4-B0D6-2DE23D88F2DA}.Release|Any CPU.ActiveCfg = Release|Any CPU
		{30B53AC4-2127-4DF4-B0D6-2DE23D88F2DA}.Release|Any CPU.Build.0 = Release|Any CPU
		{5EC376D3-A61B-4788-8580-4991FB455879}.Debug|Any CPU.ActiveCfg = Debug|Any CPU
		{5EC376D3-A61B-4788-8580-4991FB455879}.Debug|Any CPU.Build.0 = Debug|Any CPU
		{5EC376D3-A61B-4788-8580-4991FB455879}.Release|Any CPU.ActiveCfg = Release|Any CPU
		{5EC376D3-A61B-4788-8580-4991FB455879}.Release|Any CPU.Build.0 = Release|Any CPU
		{93BA6E07-0D7D-49C9-973E-F555DF3886B7}.Debug|Any CPU.ActiveCfg = Debug|Any CPU
		{93BA6E07-0D7D-49C9-973E-F555DF3886B7}.Debug|Any CPU.Build.0 = Debug|Any CPU
		{93BA6E07-0D7D-49C9-973E-F555DF3886B7}.Release|Any CPU.ActiveCfg = Release|Any CPU
		{93BA6E07-0D7D-49C9-973E-F555DF3886B7}.Release|Any CPU.Build.0 = Release|Any CPU
		{E8A24085-66EF-448E-96D5-F61E49D83B60}.Debug|Any CPU.ActiveCfg = Debug|Any CPU
		{E8A24085-66EF-448E-96D5-F61E49D83B60}.Debug|Any CPU.Build.0 = Debug|Any CPU
		{E8A24085-66EF-448E-96D5-F61E49D83B60}.Release|Any CPU.ActiveCfg = Release|Any CPU
		{E8A24085-66EF-448E-96D5-F61E49D83B60}.Release|Any CPU.Build.0 = Release|Any CPU
		{123BF1B0-301F-49F9-91E2-93EE4D0BA592}.Debug|Any CPU.ActiveCfg = Debug|Any CPU
		{123BF1B0-301F-49F9-91E2-93EE4D0BA592}.Debug|Any CPU.Build.0 = Debug|Any CPU
		{123BF1B0-301F-49F9-91E2-93EE4D0BA592}.Release|Any CPU.ActiveCfg = Release|Any CPU
		{123BF1B0-301F-49F9-91E2-93EE4D0BA592}.Release|Any CPU.Build.0 = Release|Any CPU
		{F6D7B7FB-C370-4F8B-B509-14B53190518D}.Debug|Any CPU.ActiveCfg = Debug|Any CPU
		{F6D7B7FB-C370-4F8B-B509-14B53190518D}.Debug|Any CPU.Build.0 = Debug|Any CPU
		{F6D7B7FB-C370-4F8B-B509-14B53190518D}.Release|Any CPU.ActiveCfg = Release|Any CPU
		{F6D7B7FB-C370-4F8B-B509-14B53190518D}.Release|Any CPU.Build.0 = Release|Any CPU
		{5723EAA1-66EE-40E5-8586-D4A44BE8C8BB}.Debug|Any CPU.ActiveCfg = Debug|Any CPU
		{5723EAA1-66EE-40E5-8586-D4A44BE8C8BB}.Debug|Any CPU.Build.0 = Debug|Any CPU
		{5723EAA1-66EE-40E5-8586-D4A44BE8C8BB}.Release|Any CPU.ActiveCfg = Release|Any CPU
		{5723EAA1-66EE-40E5-8586-D4A44BE8C8BB}.Release|Any CPU.Build.0 = Release|Any CPU
		{F3268F66-ECB5-4A57-B5F8-A032264F38A3}.Debug|Any CPU.ActiveCfg = Debug|Any CPU
		{F3268F66-ECB5-4A57-B5F8-A032264F38A3}.Debug|Any CPU.Build.0 = Debug|Any CPU
		{F3268F66-ECB5-4A57-B5F8-A032264F38A3}.Release|Any CPU.ActiveCfg = Release|Any CPU
		{F3268F66-ECB5-4A57-B5F8-A032264F38A3}.Release|Any CPU.Build.0 = Release|Any CPU
		{D21FA50A-FDF6-4356-A384-8C78884B3297}.Debug|Any CPU.ActiveCfg = Debug|Any CPU
		{D21FA50A-FDF6-4356-A384-8C78884B3297}.Debug|Any CPU.Build.0 = Debug|Any CPU
		{D21FA50A-FDF6-4356-A384-8C78884B3297}.Release|Any CPU.ActiveCfg = Release|Any CPU
		{D21FA50A-FDF6-4356-A384-8C78884B3297}.Release|Any CPU.Build.0 = Release|Any CPU
		{993C6810-1973-4FAC-9E2E-B16DADDB7481}.Debug|Any CPU.ActiveCfg = Debug|Any CPU
		{993C6810-1973-4FAC-9E2E-B16DADDB7481}.Debug|Any CPU.Build.0 = Debug|Any CPU
		{993C6810-1973-4FAC-9E2E-B16DADDB7481}.Release|Any CPU.ActiveCfg = Release|Any CPU
		{993C6810-1973-4FAC-9E2E-B16DADDB7481}.Release|Any CPU.Build.0 = Release|Any CPU
		{3C42B07C-EEE6-4A9D-93DD-FD0AC716BC5E}.Debug|Any CPU.ActiveCfg = Debug|Any CPU
		{3C42B07C-EEE6-4A9D-93DD-FD0AC716BC5E}.Debug|Any CPU.Build.0 = Debug|Any CPU
		{3C42B07C-EEE6-4A9D-93DD-FD0AC716BC5E}.Release|Any CPU.ActiveCfg = Release|Any CPU
		{3C42B07C-EEE6-4A9D-93DD-FD0AC716BC5E}.Release|Any CPU.Build.0 = Release|Any CPU
		{EF0CB998-F27C-4B7A-B6CD-E4D1F2E4A5B2}.Debug|Any CPU.ActiveCfg = Debug|Any CPU
		{EF0CB998-F27C-4B7A-B6CD-E4D1F2E4A5B2}.Debug|Any CPU.Build.0 = Debug|Any CPU
		{EF0CB998-F27C-4B7A-B6CD-E4D1F2E4A5B2}.Release|Any CPU.ActiveCfg = Release|Any CPU
		{EF0CB998-F27C-4B7A-B6CD-E4D1F2E4A5B2}.Release|Any CPU.Build.0 = Release|Any CPU
		{E1E21C13-FB86-472F-8731-41A6FA461800}.Debug|Any CPU.ActiveCfg = Debug|Any CPU
		{E1E21C13-FB86-472F-8731-41A6FA461800}.Debug|Any CPU.Build.0 = Debug|Any CPU
		{E1E21C13-FB86-472F-8731-41A6FA461800}.Release|Any CPU.ActiveCfg = Release|Any CPU
		{E1E21C13-FB86-472F-8731-41A6FA461800}.Release|Any CPU.Build.0 = Release|Any CPU
		{54C0E2A4-562B-4B96-861F-0AD7F04C772D}.Debug|Any CPU.ActiveCfg = Debug|Any CPU
		{54C0E2A4-562B-4B96-861F-0AD7F04C772D}.Debug|Any CPU.Build.0 = Debug|Any CPU
		{54C0E2A4-562B-4B96-861F-0AD7F04C772D}.Release|Any CPU.ActiveCfg = Release|Any CPU
		{54C0E2A4-562B-4B96-861F-0AD7F04C772D}.Release|Any CPU.Build.0 = Release|Any CPU
		{24515815-152D-425C-9FB1-ABC7E375F6EA}.Debug|Any CPU.ActiveCfg = Debug|Any CPU
		{24515815-152D-425C-9FB1-ABC7E375F6EA}.Debug|Any CPU.Build.0 = Debug|Any CPU
		{24515815-152D-425C-9FB1-ABC7E375F6EA}.Release|Any CPU.ActiveCfg = Release|Any CPU
		{24515815-152D-425C-9FB1-ABC7E375F6EA}.Release|Any CPU.Build.0 = Release|Any CPU
	EndGlobalSection
	GlobalSection(SolutionProperties) = preSolution
		HideSolutionNode = FALSE
	EndGlobalSection
	GlobalSection(NestedProjects) = preSolution
		{183D87D1-0A67-4822-AE71-EA3C2DF17102} = {D112E09F-8205-49B0-AF05-E21D6859A2B4}
		{F70F546E-1A50-4003-9B20-F27BE4F197F7} = {3E880F2B-1904-4B04-8552-E638B7A82AED}
		{BE13F2C1-2D61-43FE-95D5-B85B18A245A2} = {F70F546E-1A50-4003-9B20-F27BE4F197F7}
		{9463D7E7-7878-4E65-8536-9275C6EA133A} = {3E880F2B-1904-4B04-8552-E638B7A82AED}
		{86E62E2B-937B-4AEB-938B-C3E0932D81A8} = {3E880F2B-1904-4B04-8552-E638B7A82AED}
		{76B6F367-CD81-498B-A705-9CE1DC82DE9B} = {86E62E2B-937B-4AEB-938B-C3E0932D81A8}
		{EAAC0C57-3F25-4B30-A2A1-51571C7B1119} = {3E880F2B-1904-4B04-8552-E638B7A82AED}
		{30B53AC4-2127-4DF4-B0D6-2DE23D88F2DA} = {EAAC0C57-3F25-4B30-A2A1-51571C7B1119}
		{7396C43D-8F2A-4552-9D15-7B861A24CCF7} = {D112E09F-8205-49B0-AF05-E21D6859A2B4}
		{D89CD4D8-5CB3-45AB-ACDA-EDC11A6C7516} = {D112E09F-8205-49B0-AF05-E21D6859A2B4}
		{5EC376D3-A61B-4788-8580-4991FB455879} = {183D87D1-0A67-4822-AE71-EA3C2DF17102}
		{93BA6E07-0D7D-49C9-973E-F555DF3886B7} = {183D87D1-0A67-4822-AE71-EA3C2DF17102}
		{E8A24085-66EF-448E-96D5-F61E49D83B60} = {7396C43D-8F2A-4552-9D15-7B861A24CCF7}
		{123BF1B0-301F-49F9-91E2-93EE4D0BA592} = {86E62E2B-937B-4AEB-938B-C3E0932D81A8}
		{F6D7B7FB-C370-4F8B-B509-14B53190518D} = {86E62E2B-937B-4AEB-938B-C3E0932D81A8}
		{5723EAA1-66EE-40E5-8586-D4A44BE8C8BB} = {F70F546E-1A50-4003-9B20-F27BE4F197F7}
		{F3268F66-ECB5-4A57-B5F8-A032264F38A3} = {F70F546E-1A50-4003-9B20-F27BE4F197F7}
		{D21FA50A-FDF6-4356-A384-8C78884B3297} = {9463D7E7-7878-4E65-8536-9275C6EA133A}
		{993C6810-1973-4FAC-9E2E-B16DADDB7481} = {9463D7E7-7878-4E65-8536-9275C6EA133A}
		{3C42B07C-EEE6-4A9D-93DD-FD0AC716BC5E} = {EAAC0C57-3F25-4B30-A2A1-51571C7B1119}
		{EF0CB998-F27C-4B7A-B6CD-E4D1F2E4A5B2} = {EAAC0C57-3F25-4B30-A2A1-51571C7B1119}
		{E1E21C13-FB86-472F-8731-41A6FA461800} = {9463D7E7-7878-4E65-8536-9275C6EA133A}
		{FE8E35C5-4690-4ECE-B33F-8DA7DC0AA574} = {D112E09F-8205-49B0-AF05-E21D6859A2B4}
		{54C0E2A4-562B-4B96-861F-0AD7F04C772D} = {FE8E35C5-4690-4ECE-B33F-8DA7DC0AA574}
		{24515815-152D-425C-9FB1-ABC7E375F6EA} = {D89CD4D8-5CB3-45AB-ACDA-EDC11A6C7516}
	EndGlobalSection
	GlobalSection(ExtensibilityGlobals) = postSolution
		SolutionGuid = {A260DEF4-194D-4C9C-8E6E-B5574906F785}
	EndGlobalSection
EndGlobal
